// !$*UTF8*$!
{
	archiveVersion = 1;
	classes = {
	};
	objectVersion = 46;
	objects = {

/* Begin PBXBuildFile section */
		90FBF281CE4BDAE85CB3DA39 /* libPods.a in Frameworks */ = {isa = PBXBuildFile; fileRef = 86D8FEBAE3FEA9A93A5C0036 /* libPods.a */; };
		EE1413151C2BF062001BCDE2 /* main.m in Sources */ = {isa = PBXBuildFile; fileRef = EE1413141C2BF062001BCDE2 /* main.m */; };
		EE1413181C2BF062001BCDE2 /* AppDelegate.m in Sources */ = {isa = PBXBuildFile; fileRef = EE1413171C2BF062001BCDE2 /* AppDelegate.m */; };
		EE14131B1C2BF062001BCDE2 /* ViewController.m in Sources */ = {isa = PBXBuildFile; fileRef = EE14131A1C2BF062001BCDE2 /* ViewController.m */; };
		EE14131E1C2BF062001BCDE2 /* Main.storyboard in Resources */ = {isa = PBXBuildFile; fileRef = EE14131C1C2BF062001BCDE2 /* Main.storyboard */; };
		EE1413201C2BF062001BCDE2 /* Assets.xcassets in Resources */ = {isa = PBXBuildFile; fileRef = EE14131F1C2BF062001BCDE2 /* Assets.xcassets */; };
		EE1413231C2BF062001BCDE2 /* LaunchScreen.storyboard in Resources */ = {isa = PBXBuildFile; fileRef = EE1413211C2BF062001BCDE2 /* LaunchScreen.storyboard */; };
		EED89F651C2CDA69000B785A /* README.md in Sources */ = {isa = PBXBuildFile; fileRef = EED89F641C2CDA69000B785A /* README.md */; };
/* End PBXBuildFile section */

/* Begin PBXFileReference section */
		4E8675DBA3EFD2A4DDC1BE36 /* Pods.debug.xcconfig */ = {isa = PBXFileReference; includeInIndex = 1; lastKnownFileType = text.xcconfig; name = Pods.debug.xcconfig; path = "Pods/Target Support Files/Pods/Pods.debug.xcconfig"; sourceTree = "<group>"; };
		86D8FEBAE3FEA9A93A5C0036 /* libPods.a */ = {isa = PBXFileReference; explicitFileType = archive.ar; includeInIndex = 0; path = libPods.a; sourceTree = BUILT_PRODUCTS_DIR; };
		E1E97057EC70DDA28DD196B4 /* Pods.release.xcconfig */ = {isa = PBXFileReference; includeInIndex = 1; lastKnownFileType = text.xcconfig; name = Pods.release.xcconfig; path = "Pods/Target Support Files/Pods/Pods.release.xcconfig"; sourceTree = "<group>"; };
		EE1413101C2BF061001BCDE2 /* JAScrollChartViewDemo.app */ = {isa = PBXFileReference; explicitFileType = wrapper.application; includeInIndex = 0; path = JAScrollChartViewDemo.app; sourceTree = BUILT_PRODUCTS_DIR; };
		EE1413141C2BF062001BCDE2 /* main.m */ = {isa = PBXFileReference; lastKnownFileType = sourcecode.c.objc; path = main.m; sourceTree = "<group>"; };
		EE1413161C2BF062001BCDE2 /* AppDelegate.h */ = {isa = PBXFileReference; lastKnownFileType = sourcecode.c.h; path = AppDelegate.h; sourceTree = "<group>"; };
		EE1413171C2BF062001BCDE2 /* AppDelegate.m */ = {isa = PBXFileReference; lastKnownFileType = sourcecode.c.objc; path = AppDelegate.m; sourceTree = "<group>"; };
		EE1413191C2BF062001BCDE2 /* ViewController.h */ = {isa = PBXFileReference; lastKnownFileType = sourcecode.c.h; path = ViewController.h; sourceTree = "<group>"; };
		EE14131A1C2BF062001BCDE2 /* ViewController.m */ = {isa = PBXFileReference; lastKnownFileType = sourcecode.c.objc; path = ViewController.m; sourceTree = "<group>"; };
		EE14131D1C2BF062001BCDE2 /* Base */ = {isa = PBXFileReference; lastKnownFileType = file.storyboard; name = Base; path = Base.lproj/Main.storyboard; sourceTree = "<group>"; };
		EE14131F1C2BF062001BCDE2 /* Assets.xcassets */ = {isa = PBXFileReference; lastKnownFileType = folder.assetcatalog; path = Assets.xcassets; sourceTree = "<group>"; };
		EE1413221C2BF062001BCDE2 /* Base */ = {isa = PBXFileReference; lastKnownFileType = file.storyboard; name = Base; path = Base.lproj/LaunchScreen.storyboard; sourceTree = "<group>"; };
		EE1413241C2BF062001BCDE2 /* Info.plist */ = {isa = PBXFileReference; lastKnownFileType = text.plist.xml; path = Info.plist; sourceTree = "<group>"; };
		EED89F641C2CDA69000B785A /* README.md */ = {isa = PBXFileReference; fileEncoding = 4; lastKnownFileType = net.daringfireball.markdown; path = README.md; sourceTree = SOURCE_ROOT; };
/* End PBXFileReference section */

/* Begin PBXFrameworksBuildPhase section */
		EE14130D1C2BF061001BCDE2 /* Frameworks */ = {
			isa = PBXFrameworksBuildPhase;
			buildActionMask = 2147483647;
			files = (
				90FBF281CE4BDAE85CB3DA39 /* libPods.a in Frameworks */,
			);
			runOnlyForDeploymentPostprocessing = 0;
		};
/* End PBXFrameworksBuildPhase section */

/* Begin PBXGroup section */
		BA751E394493661BFF0782FA /* Frameworks */ = {
			isa = PBXGroup;
			children = (
				86D8FEBAE3FEA9A93A5C0036 /* libPods.a */,
			);
			name = Frameworks;
			sourceTree = "<group>";
		};
		C790E334ACC2EFFB94E09881 /* Pods */ = {
			isa = PBXGroup;
			children = (
				4E8675DBA3EFD2A4DDC1BE36 /* Pods.debug.xcconfig */,
				E1E97057EC70DDA28DD196B4 /* Pods.release.xcconfig */,
			);
			name = Pods;
			sourceTree = "<group>";
		};
		EE1413071C2BF061001BCDE2 = {
			isa = PBXGroup;
			children = (
				EE1413121C2BF062001BCDE2 /* JAScrollChartViewDemo */,
				EE1413111C2BF061001BCDE2 /* Products */,
				C790E334ACC2EFFB94E09881 /* Pods */,
				BA751E394493661BFF0782FA /* Frameworks */,
			);
			sourceTree = "<group>";
		};
		EE1413111C2BF061001BCDE2 /* Products */ = {
			isa = PBXGroup;
			children = (
				EE1413101C2BF061001BCDE2 /* JAScrollChartViewDemo.app */,
			);
			name = Products;
			sourceTree = "<group>";
		};
		EE1413121C2BF062001BCDE2 /* JAScrollChartViewDemo */ = {
			isa = PBXGroup;
			children = (
				EE1413161C2BF062001BCDE2 /* AppDelegate.h */,
				EE1413171C2BF062001BCDE2 /* AppDelegate.m */,
				EE1413191C2BF062001BCDE2 /* ViewController.h */,
				EE14131A1C2BF062001BCDE2 /* ViewController.m */,
				EE14131C1C2BF062001BCDE2 /* Main.storyboard */,
				EE14131F1C2BF062001BCDE2 /* Assets.xcassets */,
				EE1413211C2BF062001BCDE2 /* LaunchScreen.storyboard */,
				EE1413241C2BF062001BCDE2 /* Info.plist */,
				EED89F641C2CDA69000B785A /* README.md */,
				EE1413131C2BF062001BCDE2 /* Supporting Files */,
			);
			path = JAScrollChartViewDemo;
			sourceTree = "<group>";
		};
		EE1413131C2BF062001BCDE2 /* Supporting Files */ = {
			isa = PBXGroup;
			children = (
				EE1413141C2BF062001BCDE2 /* main.m */,
			);
			name = "Supporting Files";
			sourceTree = "<group>";
		};
/* End PBXGroup section */

/* Begin PBXNativeTarget section */
		EE14130F1C2BF061001BCDE2 /* JAScrollChartViewDemo */ = {
			isa = PBXNativeTarget;
			buildConfigurationList = EE1413271C2BF062001BCDE2 /* Build configuration list for PBXNativeTarget "JAScrollChartViewDemo" */;
			buildPhases = (
				B5F13EC693CCF68212454379 /* Check Pods Manifest.lock */,
				EE14130C1C2BF061001BCDE2 /* Sources */,
				EE14130D1C2BF061001BCDE2 /* Frameworks */,
				EE14130E1C2BF061001BCDE2 /* Resources */,
				35A4BE41B9F3B03529795661 /* Embed Pods Frameworks */,
				7AE70019754EC168F7599AFE /* Copy Pods Resources */,
			);
			buildRules = (
			);
			dependencies = (
			);
			name = JAScrollChartViewDemo;
			productName = JAScrollChartViewDemo;
			productReference = EE1413101C2BF061001BCDE2 /* JAScrollChartViewDemo.app */;
			productType = "com.apple.product-type.application";
		};
/* End PBXNativeTarget section */

/* Begin PBXProject section */
		EE1413081C2BF061001BCDE2 /* Project object */ = {
			isa = PBXProject;
			attributes = {
				LastUpgradeCheck = 0710;
				ORGANIZATIONNAME = "jalyfeng@gmail.com";
				TargetAttributes = {
					EE14130F1C2BF061001BCDE2 = {
						CreatedOnToolsVersion = 7.1;
					};
				};
			};
			buildConfigurationList = EE14130B1C2BF061001BCDE2 /* Build configuration list for PBXProject "JAScrollChartViewDemo" */;
			compatibilityVersion = "Xcode 3.2";
			developmentRegion = English;
			hasScannedForEncodings = 0;
			knownRegions = (
				en,
				Base,
			);
			mainGroup = EE1413071C2BF061001BCDE2;
			productRefGroup = EE1413111C2BF061001BCDE2 /* Products */;
			projectDirPath = "";
			projectRoot = "";
			targets = (
				EE14130F1C2BF061001BCDE2 /* JAScrollChartViewDemo */,
			);
		};
/* End PBXProject section */

/* Begin PBXResourcesBuildPhase section */
		EE14130E1C2BF061001BCDE2 /* Resources */ = {
			isa = PBXResourcesBuildPhase;
			buildActionMask = 2147483647;
			files = (
				EE1413231C2BF062001BCDE2 /* LaunchScreen.storyboard in Resources */,
				EE1413201C2BF062001BCDE2 /* Assets.xcassets in Resources */,
				EE14131E1C2BF062001BCDE2 /* Main.storyboard in Resources */,
			);
			runOnlyForDeploymentPostprocessing = 0;
		};
/* End PBXResourcesBuildPhase section */

/* Begin PBXShellScriptBuildPhase section */
		35A4BE41B9F3B03529795661 /* Embed Pods Frameworks */ = {
			isa = PBXShellScriptBuildPhase;
			buildActionMask = 2147483647;
			files = (
			);
			inputPaths = (
			);
			name = "Embed Pods Frameworks";
			outputPaths = (
			);
			runOnlyForDeploymentPostprocessing = 0;
			shellPath = /bin/sh;
			shellScript = "\"${SRCROOT}/Pods/Target Support Files/Pods/Pods-frameworks.sh\"\n";
			showEnvVarsInLog = 0;
		};
		7AE70019754EC168F7599AFE /* Copy Pods Resources */ = {
			isa = PBXShellScriptBuildPhase;
			buildActionMask = 2147483647;
			files = (
			);
			inputPaths = (
			);
			name = "Copy Pods Resources";
			outputPaths = (
			);
			runOnlyForDeploymentPostprocessing = 0;
			shellPath = /bin/sh;
			shellScript = "\"${SRCROOT}/Pods/Target Support Files/Pods/Pods-resources.sh\"\n";
			showEnvVarsInLog = 0;
		};
		B5F13EC693CCF68212454379 /* Check Pods Manifest.lock */ = {
			isa = PBXShellScriptBuildPhase;
			buildActionMask = 2147483647;
			files = (
			);
			inputPaths = (
			);
			name = "Check Pods Manifest.lock";
			outputPaths = (
			);
			runOnlyForDeploymentPostprocessing = 0;
			shellPath = /bin/sh;
			shellScript = "diff \"${PODS_ROOT}/../Podfile.lock\" \"${PODS_ROOT}/Manifest.lock\" > /dev/null\nif [[ $? != 0 ]] ; then\n    cat << EOM\nerror: The sandbox is not in sync with the Podfile.lock. Run 'pod install' or update your CocoaPods installation.\nEOM\n    exit 1\nfi\n";
			showEnvVarsInLog = 0;
		};
/* End PBXShellScriptBuildPhase section */

/* Begin PBXSourcesBuildPhase section */
		EE14130C1C2BF061001BCDE2 /* Sources */ = {
			isa = PBXSourcesBuildPhase;
			buildActionMask = 2147483647;
			files = (
				EE14131B1C2BF062001BCDE2 /* ViewController.m in Sources */,
				EE1413181C2BF062001BCDE2 /* AppDelegate.m in Sources */,
				EED89F651C2CDA69000B785A /* README.md in Sources */,
				EE1413151C2BF062001BCDE2 /* main.m in Sources */,
			);
			runOnlyForDeploymentPostprocessing = 0;
		};
/* End PBXSourcesBuildPhase section */

/* Begin PBXVariantGroup section */
		EE14131C1C2BF062001BCDE2 /* Main.storyboard */ = {
			isa = PBXVariantGroup;
			children = (
				EE14131D1C2BF062001BCDE2 /* Base */,
			);
			name = Main.storyboard;
			sourceTree = "<group>";
		};
		EE1413211C2BF062001BCDE2 /* LaunchScreen.storyboard */ = {
			isa = PBXVariantGroup;
			children = (
				EE1413221C2BF062001BCDE2 /* Base */,
			);
			name = LaunchScreen.storyboard;
			sourceTree = "<group>";
		};
/* End PBXVariantGroup section */

/* Begin XCBuildConfiguration section */
		EE1413251C2BF062001BCDE2 /* Debug */ = {
			isa = XCBuildConfiguration;
			buildSettings = {
				ALWAYS_SEARCH_USER_PATHS = NO;
				CLANG_CXX_LANGUAGE_STANDARD = "gnu++0x";
				CLANG_CXX_LIBRARY = "libc++";
				CLANG_ENABLE_MODULES = YES;
				CLANG_ENABLE_OBJC_ARC = YES;
				CLANG_WARN_BOOL_CONVERSION = YES;
				CLANG_WARN_CONSTANT_CONVERSION = YES;
				CLANG_WARN_DIRECT_OBJC_ISA_USAGE = YES_ERROR;
				CLANG_WARN_EMPTY_BODY = YES;
				CLANG_WARN_ENUM_CONVERSION = YES;
				CLANG_WARN_INT_CONVERSION = YES;
				CLANG_WARN_OBJC_ROOT_CLASS = YES_ERROR;
				CLANG_WARN_UNREACHABLE_CODE = YES;
				CLANG_WARN__DUPLICATE_METHOD_MATCH = YES;
				"CODE_SIGN_IDENTITY[sdk=iphoneos*]" = "iPhone Developer";
				COPY_PHASE_STRIP = NO;
				DEBUG_INFORMATION_FORMAT = dwarf;
				ENABLE_STRICT_OBJC_MSGSEND = YES;
				ENABLE_TESTABILITY = YES;
				GCC_C_LANGUAGE_STANDARD = gnu99;
				GCC_DYNAMIC_NO_PIC = NO;
				GCC_NO_COMMON_BLOCKS = YES;
				GCC_OPTIMIZATION_LEVEL = 0;
				GCC_PREPROCESSOR_DEFINITIONS = (
					"DEBUG=1",
					"$(inherited)",
				);
				GCC_WARN_64_TO_32_BIT_CONVERSION = YES;
				GCC_WARN_ABOUT_RETURN_TYPE = YES_ERROR;
				GCC_WARN_UNDECLARED_SELECTOR = YES;
				GCC_WARN_UNINITIALIZED_AUTOS = YES_AGGRESSIVE;
				GCC_WARN_UNUSED_FUNCTION = YES;
				GCC_WARN_UNUSED_VARIABLE = YES;
				IPHONEOS_DEPLOYMENT_TARGET = 9.1;
				MTL_ENABLE_DEBUG_INFO = YES;
				ONLY_ACTIVE_ARCH = YES;
				SDKROOT = iphoneos;
			};
			name = Debug;
		};
		EE1413261C2BF062001BCDE2 /* Release */ = {
			isa = XCBuildConfiguration;
			buildSettings = {
				ALWAYS_SEARCH_USER_PATHS = NO;
				CLANG_CXX_LANGUAGE_STANDARD = "gnu++0x";
				CLANG_CXX_LIBRARY = "libc++";
				CLANG_ENABLE_MODULES = YES;
				CLANG_ENABLE_OBJC_ARC = YES;
				CLANG_WARN_BOOL_CONVERSION = YES;
				CLANG_WARN_CONSTANT_CONVERSION = YES;
				CLANG_WARN_DIRECT_OBJC_ISA_USAGE = YES_ERROR;
				CLANG_WARN_EMPTY_BODY = YES;
				CLANG_WARN_ENUM_CONVERSION = YES;
				CLANG_WARN_INT_CONVERSION = YES;
				CLANG_WARN_OBJC_ROOT_CLASS = YES_ERROR;
				CLANG_WARN_UNREACHABLE_CODE = YES;
				CLANG_WARN__DUPLICATE_METHOD_MATCH = YES;
				"CODE_SIGN_IDENTITY[sdk=iphoneos*]" = "iPhone Developer";
				COPY_PHASE_STRIP = NO;
				DEBUG_INFORMATION_FORMAT = "dwarf-with-dsym";
				ENABLE_NS_ASSERTIONS = NO;
				ENABLE_STRICT_OBJC_MSGSEND = YES;
				GCC_C_LANGUAGE_STANDARD = gnu99;
				GCC_NO_COMMON_BLOCKS = YES;
				GCC_WARN_64_TO_32_BIT_CONVERSION = YES;
				GCC_WARN_ABOUT_RETURN_TYPE = YES_ERROR;
				GCC_WARN_UNDECLARED_SELECTOR = YES;
				GCC_WARN_UNINITIALIZED_AUTOS = YES_AGGRESSIVE;
				GCC_WARN_UNUSED_FUNCTION = YES;
				GCC_WARN_UNUSED_VARIABLE = YES;
				IPHONEOS_DEPLOYMENT_TARGET = 9.1;
				MTL_ENABLE_DEBUG_INFO = NO;
				SDKROOT = iphoneos;
				VALIDATE_PRODUCT = YES;
			};
			name = Release;
		};
		EE1413281C2BF062001BCDE2 /* Debug */ = {
			isa = XCBuildConfiguration;
			baseConfigurationReference = 4E8675DBA3EFD2A4DDC1BE36 /* Pods.debug.xcconfig */;
			buildSettings = {
				ASSETCATALOG_COMPILER_APPICON_NAME = AppIcon;
				INFOPLIST_FILE = JAScrollChartViewDemo/Info.plist;
				IPHONEOS_DEPLOYMENT_TARGET = 7.0;
				LD_RUNPATH_SEARCH_PATHS = "$(inherited) @executable_path/Frameworks";
				PRODUCT_BUNDLE_IDENTIFIER = org.jalyfeng.app.JAScrollChartViewDemo;
				PRODUCT_NAME = "$(TARGET_NAME)";
			};
			name = Debug;
		};
		EE1413291C2BF062001BCDE2 /* Release */ = {
			isa = XCBuildConfiguration;
			baseConfigurationReference = E1E97057EC70DDA28DD196B4 /* Pods.release.xcconfig */;
			buildSettings = {
				ASSETCATALOG_COMPILER_APPICON_NAME = AppIcon;
				INFOPLIST_FILE = JAScrollChartViewDemo/Info.plist;
				IPHONEOS_DEPLOYMENT_TARGET = 7.0;
				LD_RUNPATH_SEARCH_PATHS = "$(inherited) @executable_path/Frameworks";
				PRODUCT_BUNDLE_IDENTIFIER = org.jalyfeng.app.JAScrollChartViewDemo;
				PRODUCT_NAME = "$(TARGET_NAME)";
			};
			name = Release;
		};
/* End XCBuildConfiguration section */

/* Begin XCConfigurationList section */
		EE14130B1C2BF061001BCDE2 /* Build configuration list for PBXProject "JAScrollChartViewDemo" */ = {
			isa = XCConfigurationList;
			buildConfigurations = (
				EE1413251C2BF062001BCDE2 /* Debug */,
				EE1413261C2BF062001BCDE2 /* Release */,
			);
			defaultConfigurationIsVisible = 0;
			defaultConfigurationName = Release;
		};
		EE1413271C2BF062001BCDE2 /* Build configuration list for PBXNativeTarget "JAScrollChartViewDemo" */ = {
			isa = XCConfigurationList;
			buildConfigurations = (
				EE1413281C2BF062001BCDE2 /* Debug */,
				EE1413291C2BF062001BCDE2 /* Release */,
			);
			defaultConfigurationIsVisible = 0;
			defaultConfigurationName = Release;
		};
/* End XCConfigurationList section */
	};
	rootObject = EE1413081C2BF061001BCDE2 /* Project object */;
}
